
Microsoft Visual Studio Solution File, Format Version 12.00
# Visual Studio Version 17
VisualStudioVersion = 17.10.34916.146
MinimumVisualStudioVersion = 10.0.40219.1
Project("{FAE04EC0-301F-11D3-BF4B-00C04F79EFBC}") = "GerenciadorVeículos", "GerenciadorVeículos\GerenciadorVeículos.csproj", "{96BCE1EA-5A26-4804-8D49-60895271CF00}"
EndProject
Global
	GlobalSection(SolutionConfigurationPlatforms) = preSolution
		Debug|Any CPU = Debug|Any CPU
		Release|Any CPU = Release|Any CPU
	EndGlobalSection
	GlobalSection(ProjectConfigurationPlatforms) = postSolution
		{96BCE1EA-5A26-4804-8D49-60895271CF00}.Debug|Any CPU.ActiveCfg = Debug|Any CPU
		{96BCE1EA-5A26-4804-8D49-60895271CF00}.Debug|Any CPU.Build.0 = Debug|Any CPU
		{96BCE1EA-5A26-4804-8D49-60895271CF00}.Release|Any CPU.ActiveCfg = Release|Any CPU
		{96BCE1EA-5A26-4804-8D49-60895271CF00}.Release|Any CPU.Build.0 = Release|Any CPU
	EndGlobalSection
	GlobalSection(SolutionProperties) = preSolution
		HideSolutionNode = FALSE
	EndGlobalSection
	GlobalSection(ExtensibilityGlobals) = postSolution
		SolutionGuid = {DAD4D596-7CE9-4912-B1B8-E3AA5C47836A}
	EndGlobalSection
EndGlobal
